{
    "_meta": {
        "hash": {
            "sha256": "1e5bc4d580501a7b1fbdb9666b1e46293676836624dc508f3b936eae53463ec4"
        },
        "pipfile-spec": 6,
        "requires": {
            "python_version": "3.7"
        },
        "sources": [
            {
                "name": "pypi",
                "url": "https://pypi.org/simple",
                "verify_ssl": true
            }
        ]
    },
    "default": {
        "audioread": {
            "hashes": [
                "sha256:b0b9270c20833a75ce0d167fb2fdad52ddcd8e8f300be8afad3ac9715850bc50"
            ],
            "version": "==2.1.6"
        },
        "cython": {
            "hashes": [
                "sha256:022592d419fc754509d0e0461eb2958dbaa45fb60d51c8a61778c58994edbe36",
                "sha256:07659f4c57582104d9486c071de512fbd7e087a3a630535298442cc0e20a3f5a",
                "sha256:13c73e2ffa93a615851e03fad97591954d143b5b62361b9adef81f46a31cd8ef",
                "sha256:13eab5a2835a84ff62db343035603044c908d2b3b6eec09d67fdf9970acf7ac9",
                "sha256:183b35a48f58862c4ec1e821f07bb7b1156c8c8559c85c32ae086f28947474eb",
                "sha256:2f526b0887128bf20ab2acc905a975f62b5a04ab2f63ecbe5a30fc28285d0e0c",
                "sha256:32de8637f5e6c5a76667bc7c8fc644bd9314dc19af36db8ce30a0b92ada0f642",
                "sha256:4172c183ef4fb2ace6a29cdf7fc9200c5a471a7f775ff691975b774bd9ed3ad2",
                "sha256:553956ec06ecbd731ef0c538eb28a5b46bedea7ab89b18237ff28b4b99d65eee",
                "sha256:660eeb6870687fd3eda91e00ba4e72220545c254c8c4d967fd0c910f4fbb8cbc",
                "sha256:693a8619ef066ece055ed065a15cf440f9d3ebd1bca60e87ea19144833756433",
                "sha256:759c799e9ef418f163b5412e295e14c0a48fe3b4dcba9ab8aab69e9f511cfefd",
                "sha256:827d3a91b7a7c31ce69e5974496fd9a8ba28eb498b988affb66d0d30de11d934",
                "sha256:87e57b5d730cfab225d95e7b23abbc0c6f77598bd66639e93c73ce8afbae6f38",
                "sha256:9400e5db8383346b0694a3e794d8bded18a27b21123516dcdf4b79d7ec28e98b",
                "sha256:9ec27681c5b1b457aacb1cbda5db04aa28b76da2af6e1e1fd15f233eafe6a0b0",
                "sha256:ae4784f040a3313c8bd00c8d04934b7ade63dc59692d8f00a5235be8ed72a445",
                "sha256:b2ba8310ebd3c0e0b884d5e95bbd99d467d6af922acd1e44fe4b819839b2150e",
                "sha256:b64575241f64f6ec005a4d4137339fb0ba5e156e826db2fdb5f458060d9979e0",
                "sha256:c78ad0df75a9fc03ab28ca1b950c893a208c451a18f76796c3e25817d6994001",
                "sha256:cdbb917e41220bd3812234dbe59d15391adbc2c5d91ae11a5273aab9e32ba7ec",
                "sha256:d2223a80c623e2a8e97953ab945dfaa9385750a494438dcb55562eb1ddd9565a",
                "sha256:e22f21cf92a9f8f007a280e3b3462c886d9068132a6c698dec10ad6125e3ca1e",
                "sha256:ea5c16c48e561f4a6f6b8c24807494b77a79e156b8133521c400f22ca712101b",
                "sha256:ee7a9614d51fe16e32ca5befe72e0808baff481791728449d0b17c8b0fe29eb9",
                "sha256:ef86de9299e4ab2ebb129fb84b886bf40b9aced9807c6d6d5f28b46fb905f82c",
                "sha256:f3e4860f5458a9875caa3de65e255720c0ed2ce71f0bcdab02497b32104f9db8",
                "sha256:fc6c20a8ac22202a779ad4c59756647be0826993d2151a03c015e76d2368ae5f"
            ],
            "index": "pypi",
            "version": "==0.28.5"
        },
        "decorator": {
            "hashes": [
                "sha256:2c51dff8ef3c447388fe5e4453d24a2bf128d3a4c32af3fabef1f01c6851ab82",
                "sha256:c39efa13fbdeb4506c476c9b3babf6a718da943dab7811c206005a4a956c080c"
            ],
            "version": "==4.3.0"
        },
        "future": {
            "hashes": [
                "sha256:e39ced1ab767b5936646cedba8bcce582398233d6a627067d4c6a454c90cfedb"
            ],
            "version": "==0.16.0"
        },
        "joblib": {
            "hashes": [
                "sha256:11cdfd38cdb71768149e1373f2509e9b4fc1ec6bc92f874cb515b25f2d69f8f4",
                "sha256:142e74bee7b9dfad75c7dad24c4295b9084a6788116dd149e2fc7daf0db25675"
            ],
            "version": "==0.12.5"
        },
        "lasagne": {
            "hashes": [
                "sha256:3c634ecab67e43e4f18520932bfd88bd3c678ec723c48177f18799dab2411233"
            ],
            "index": "pypi",
            "version": "==0.1"
        },
        "librosa": {
            "hashes": [
                "sha256:2aa868b8aade749b9904eeb7034fcf44115601c367969b6d01f5e1b4b9b6031d"
            ],
            "index": "pypi",
            "version": "==0.6.2"
        },
        "llvmlite": {
            "hashes": [
                "sha256:05b817a961fa0aacfccc5ecaa2e6fbc826c8988759a6d25243916e74c2082d3e",
                "sha256:0ea68d4ab6a1fa73d919b17ab2f4909f4aa9a6730ba32a91c61db8c08626f408",
                "sha256:152e1ac25c57d3d686128a8ee899762be95d2bb1418d7b776c55b83c9591cc44",
                "sha256:276f6585a7a962d86f0751cc3016afa45c0ba86190e1ebd7b43071507ff18967",
                "sha256:2bb68dbe572b021b238677729ed77dc2bda396acf6ede00373bb24124e282383",
                "sha256:3a0e5a5c9aa56ca506b576ef6ca6e6c37306a483baf951034dc357cb34beb7c7",
                "sha256:696ce74ac7060eba4f8b3cb6122bb8aff5d30a6ddc872b519dcb3ed201c42af2",
                "sha256:7a249ec0a3731e789fdffe9772f2ae62303b47554b7e5109360d7fa77be0cb76",
                "sha256:950f44f2b33f04c91417b9846271decc66adfaa16849ca3522a4c51e0037a022",
                "sha256:964d76903e8298ae3446319d12183dcf64722bdc9deb66159fa97ef68986594b",
                "sha256:9b1c41413bf5d709c8bd3621e075e19dd9170cb08cbf95319d6cbd28ca2d84ed",
                "sha256:b19f69376799848e411fad5c079dedc6ac4aedb032f922b80dcf3ec368a59dc3",
                "sha256:b36854919a9b13408d7523e4327a04afc62ce880564466f9f79f506d560b70ff",
                "sha256:b445c88e9677e427cc6dc49aa621691f04dbee1c888040413fba26711d0edc68",
                "sha256:c27fedc3cd6869c222a36cd7b1db8906bb209a8b7b1cd6e84174e8e53e51c23d",
                "sha256:c7f6e7078b1830c8fb15f340af4da5692d53a6590eff03c0afa7e69857ac37c0",
                "sha256:d8702b8825349b090f51c358cd1e5f9631865bdab4e9e13bfce1ac7c82e44cfe",
                "sha256:e866935bc1236478fe09c741313b1ed322ab34343ef226aa34f75ce80e5188ef",
                "sha256:f35c1b9d3efdcf54a1b0599c72995e66e1e4033bf08d13ab450011f0f3ca78a2",
                "sha256:f54bbd9e73fabd13b208b71a14a8e4d83400fc59cc5eb3bceeff1a7352a23f2f",
                "sha256:fd64def9a51dd7dc61913a7a08eeba5b9785522740bec5a7c5995b2a90525025"
            ],
            "version": "==0.25.0"
        },
        "mir-eval": {
            "hashes": [
                "sha256:8dc8cd2e7bd49b5f61c42085a9ed29f6d5ab4992c1a8999a5fcd7c9723127f7e"
            ],
            "index": "pypi",
            "version": "==0.4"
        },
        "networkx": {
            "hashes": [
                "sha256:45e56f7ab6fe81652fb4bc9f44faddb0e9025f469f602df14e3b2551c2ea5c8b"
            ],
            "index": "pypi",
            "version": "==2.2"
        },
        "nose": {
            "hashes": [
                "sha256:9ff7c6cc443f8c51994b34a667bbcf45afd6d945be7477b52e97516fd17c53ac",
                "sha256:dadcddc0aefbf99eea214e0f1232b94f2fa9bd98fa8353711dacb112bfcbbb2a",
                "sha256:f1bffef9cbc82628f6e7d7b40d7e255aefaa1adb6a1b1d26c69a8b79e6208a98"
            ],
            "index": "pypi",
            "version": "==1.3.7"
        },
        "numba": {
            "hashes": [
                "sha256:005c68cc877caa23175c0f4063900c829a6740ea7fa6952e609db6c15e7606b6",
                "sha256:016155e171037d0175e23526a7791a226eeee05bd05f342be41aeef46a7ec670",
                "sha256:200c353a1d23bed91d28b3120b1f402e4347321ac4c62ef3e2924157e5f9ea0f",
                "sha256:2510fbeee71c07bbd0987d4fbbcb8fa6b02f95da8a81ebc0e31b825dda198f45",
                "sha256:48fc62c0c5565df9394c6f337b86b1d3fe56275de42eb8c41d055d8938fb4304",
                "sha256:5a38bc51dfc12b53aa209fbcb28e4ea5bba2f1950f1a873d7be4204c7c73c714",
                "sha256:5db1d88bb6e6650ac0597d049300e1b8cc54517ed76dc5041dc4815093c57d91",
                "sha256:64afef416c2817ec1bd83aab92145bf9bad1e937706013dafd80402d73f12d81",
                "sha256:73e1fd49e71ea4c35362afa3765338a5d04dd26250f1bbfdf510e1a7bc7d12da",
                "sha256:9476241cca94132cdde1bc6cd733a8d47ba8b8884153b6867ada38dd7ea1b689",
                "sha256:950106200ef6553a6ec621a98b6cf529cdfac00290903535aab3d4383d830281",
                "sha256:9a9c2930d970b94290042549cd858e018913715bc1b0833ea4b27ce5b533e0de",
                "sha256:9f7ff7876cc60fe8f78cbeb1cbc5d6099885469593cf8660848ba147876276e0",
                "sha256:addbf4d8ce77aa600868f20d32dfec72de4e3fa5cfbceceeaa244093878b2a5d",
                "sha256:af3f14dea45e8119ec47e1cd65d7a2f39de48faf0e23e34e87fb2f4db818c3f1",
                "sha256:c546dcf9b7a2b881385e469565ba0f5d2088b71262e4e451a99ca874964352b2",
                "sha256:c8c2d2eb70089536e0478896008e6fa95a8f5c2dde26a32d9d7dc803fb14f5d1",
                "sha256:ca493a9afc887cc260e841d203b7a97c27a384b97621b3f14f6c775ea5bb2040",
                "sha256:def3eb7624b8fa105af4bac90c8b5abe49e46c5357e38ed113544ca9dd63e78d",
                "sha256:ede390f6cc47201bada598fef824a328364704b05f8fe13bb47695168af64d60",
                "sha256:efe04966e070225c88311d47c4e4f721b487e8920d0b5a0bfa55a471b2de32ba"
            ],
            "version": "==0.40.0"
        },
        "numpy": {
            "hashes": [
                "sha256:1b1cf8f7300cf7b11ddb4250b3898c711a6187df05341b5b7153db23ffe5d498",
                "sha256:27a0d018f608a3fe34ac5e2b876f4c23c47e38295c47dd0775cc294cd2614bc1",
                "sha256:3fde172e28c899580d32dc21cb6d4a1225d62362f61050b654545c662eac215a",
                "sha256:497d7c86df4f85eb03b7f58a7dd0f8b948b1f582e77629341f624ba301b4d204",
                "sha256:4e28e66cf80c09a628ae680efeb0aa9a066eb4bb7db2a5669024c5b034891576",
                "sha256:58be95faf0ca2d886b5b337e7cba2923e3ad1224b806a91223ea39f1e0c77d03",
                "sha256:5b4dfb6551eaeaf532054e2c6ef4b19c449c2e3a709ebdde6392acb1372ecabc",
                "sha256:63f833a7c622e9082df3cbaf03b4fd92d7e0c11e2f9d87cb57dbf0e84441964b",
                "sha256:71bf3b7ca15b1967bba3a1ef6a8e87286382a8b5e46ac76b42a02fe787c5237d",
                "sha256:733dc5d47e71236263837825b69c975bc08728ae638452b34aeb1d6fa347b780",
                "sha256:82f00a1e2695a0e5b89879aa25ea614530b8ebdca6d49d4834843d498e8a5e92",
                "sha256:866bf72b9c3bfabe4476d866c70ee1714ad3e2f7b7048bb934892335e7b6b1f7",
                "sha256:8aeac8b08f4b8c52129518efcd93706bb6d506ccd17830b67d18d0227cf32d9e",
                "sha256:8d2cfb0aef7ec8759736cce26946efa084cdf49797712333539ef7d135e0295e",
                "sha256:981224224bbf44d95278eb37996162e8beb6f144d2719b144e86dfe2fce6c510",
                "sha256:981daff58fa3985a26daa4faa2b726c4e7a1d45178100125c0e1fdaf2ac64978",
                "sha256:9ad36dbfdbb0cba90a08e7343fadf86f43cf6d87450e8d2b5d71d7c7202907e4",
                "sha256:a251570bb3cb04f1627f23c234ad09af0e54fc8194e026cf46178f2e5748d647",
                "sha256:b5ff7dae352fd9e1edddad1348698e9fea14064460a7e39121ef9526745802e6",
                "sha256:c898f9cca806102fcacb6309899743aa39efb2ad2a302f4c319f54db9f05cd84",
                "sha256:cf4b970042ce148ad8dce4369c02a4078b382dadf20067ce2629c239d76460d1",
                "sha256:d1569013e8cc8f37e9769d19effdd85e404c976cd0ca28a94e3ddc026c216ae8",
                "sha256:dca261e85fe0d34b2c242ecb31c9ab693509af2cf955d9caf01ee3ef3669abd0",
                "sha256:ec8bf53ef7c92c99340972519adbe122e82c81d5b87cbd955c74ba8a8cd2a4ad",
                "sha256:f2e55726a9ee2e8129d6ce6abb466304868051bcc7a09d652b3b07cd86e801a2",
                "sha256:f4dee74f2626c783a3804df9191e9008946a104d5a284e52427a53ff576423cb",
                "sha256:f592fd7fe1f20b5041928cce1330937eca62f9058cb41e69c2c2d83cffc0d1e3",
                "sha256:ffab5b80bba8c86251291b8ce2e6c99a61446459d4c6637f5d5cc8c9ce37c972"
            ],
            "markers": "python_version != '3.1.*' and python_version != '3.2.*' and python_version != '3.0.*' and python_version != '3.3.*' and python_version >= '2.7'",
            "version": "==1.15.2"
        },
        "resampy": {
            "hashes": [
                "sha256:7f6912ca2b746eb9bcdc05c52fcef088f0b7ba1ca6ee0b2d0a359d18fc57f8f8"
            ],
            "version": "==0.2.1"
        },
        "scikit-learn": {
            "hashes": [
                "sha256:1ca280bbdeb0f9950f9427c71e29d9f14e63b2ffa3e8fdf95f25e13773e6d898",
                "sha256:33ad23aa0928c64567a24aac771aea4e179fab2a20f9f786ab00ca9fe0a13c82",
                "sha256:344bc433ccbfbadcac8c16b4cec9d7c4722bcea9ce19f6da42e2c2f805571941",
                "sha256:35ee532b5e992a6e8d8a71d325fd9e0b58716894657e7d3da3e7a1d888c2e7d4",
                "sha256:37cbbba2d2a3895bba834d50488d22268a511279e053135bb291f637fe30512b",
                "sha256:40cf1908ee712545f4286cc21f3ee21f3466c81438320204725ab37c96849f27",
                "sha256:4130760ac54f5946523c1a1fb32a6c0925e5245f77285270a8f6fb5901b7b733",
                "sha256:46cc8c32496f02affde7abe507af99cd752de0e41aec951a0bc40c693c2a1e07",
                "sha256:4a364cf22be381a17c05ada9f9ce102733a0f75893c51b83718cd9358444921e",
                "sha256:56aff3fa3417cd69807c1c74db69aee34ce08d7161cbdfebbff9b4023d9d224b",
                "sha256:58debb34a15cfc03f4876e450068dbd711d9ec36ae5503ed2868f2c1f88522f7",
                "sha256:7bcf7ade62ef3443470af32afb82646640d653f42502cf31a13cc17d3ff85d57",
                "sha256:7d4eab203ed260075f47e2bf6a2bd656367e4e8683b3ad46d4651070c5d1e9aa",
                "sha256:86697c6e4c2d74fbbf110c6d5979d34196a55108fa9896bf424f9795a8d935ad",
                "sha256:911115db6669c9b11efd502dcc5483cd0c53e4e3c4bcdfe2e73bbb27eb5e81da",
                "sha256:97d1d971f8ec257011e64b7d655df68081dd3097322690afa1a71a1d755f8c18",
                "sha256:99f22c3228ec9ab3933597825dc7d595b6c8c7b9ae725cfa557f16353fac8314",
                "sha256:a2e18e5a4095b3ca4852eb087d28335f3bb8515df4ccf906d380ee627613837f",
                "sha256:a3070f71a4479a9827148609f24f2978f10acffa3b8012fe9606720d271066bd",
                "sha256:a6a197499429d2eaa2ae922760aa3966ef353545422d5f47ea2ca9369cbf7d26",
                "sha256:a7f6f5b3bc7b8e2066076098788579af12bd507ccea8ca6859e52761aa61eaca",
                "sha256:a82b90b6037fcc6b311431395c11b02555a3fbf96921a0667c8f8b0c495991cb",
                "sha256:ab2c4266b8cd159a266eb03c709ad5400756dca9c45aa48fb523263344475093",
                "sha256:b983a2dfdb9d707c78790608bcfd63692e5c2d996865a9689f3db768d0a2978d",
                "sha256:bb33d447f4c6fb164d426467d7bf8a4901c303333c5809b85319b2e0626763cd",
                "sha256:bc2a0116a67081167f1fbfed731d361671e5925db291b70e65fa66170045c53f",
                "sha256:bd189f6d0c2fdccb7c0d3fd1227c6626dc17d00257edbb63dd7c88f31928db61",
                "sha256:d393f810da9cd4746cad7350fb89f0509c3ae702c79d2ba8bd875201be4102d1"
            ],
            "markers": "python_version != '3.0.*' and python_version != '3.3.*' and python_version >= '2.7' and python_version != '3.2.*' and python_version != '3.1.*'",
            "version": "==0.20.0"
        },
        "scipy": {
            "hashes": [
                "sha256:0611ee97296265af4a21164a5323f8c1b4e8e15c582d3dfa7610825900136bb7",
                "sha256:08237eda23fd8e4e54838258b124f1cd141379a5f281b0a234ca99b38918c07a",
                "sha256:0e645dbfc03f279e1946cf07c9c754c2a1859cb4a41c5f70b25f6b3a586b6dbd",
                "sha256:0e9bb7efe5f051ea7212555b290e784b82f21ffd0f655405ac4f87e288b730b3",
                "sha256:108c16640849e5827e7d51023efb3bd79244098c3f21e4897a1007720cb7ce37",
                "sha256:340ef70f5b0f4e2b4b43c8c8061165911bc6b2ad16f8de85d9774545e2c47463",
                "sha256:3ad73dfc6f82e494195144bd3a129c7241e761179b7cb5c07b9a0ede99c686f3",
                "sha256:3b243c77a822cd034dad53058d7c2abf80062aa6f4a32e9799c95d6391558631",
                "sha256:404a00314e85eca9d46b80929571b938e97a143b4f2ddc2b2b3c91a4c4ead9c5",
                "sha256:423b3ff76957d29d1cce1bc0d62ebaf9a3fdfaf62344e3fdec14619bb7b5ad3a",
                "sha256:42d9149a2fff7affdd352d157fa5717033767857c11bd55aa4a519a44343dfef",
                "sha256:625f25a6b7d795e8830cb70439453c9f163e6870e710ec99eba5722775b318f3",
                "sha256:698c6409da58686f2df3d6f815491fd5b4c2de6817a45379517c92366eea208f",
                "sha256:729f8f8363d32cebcb946de278324ab43d28096f36593be6281ca1ee86ce6559",
                "sha256:8190770146a4c8ed5d330d5b5ad1c76251c63349d25c96b3094875b930c44692",
                "sha256:878352408424dffaa695ffedf2f9f92844e116686923ed9aa8626fc30d32cfd1",
                "sha256:8b984f0821577d889f3c7ca8445564175fb4ac7c7f9659b7c60bef95b2b70e76",
                "sha256:8f841bbc21d3dad2111a94c490fb0a591b8612ffea86b8e5571746ae76a3deac",
                "sha256:c22b27371b3866c92796e5d7907e914f0e58a36d3222c5d436ddd3f0e354227a",
                "sha256:d0cdd5658b49a722783b8b4f61a6f1f9c75042d0e29a30ccb6cacc9b25f6d9e2",
                "sha256:d40dc7f494b06dcee0d303e51a00451b2da6119acbeaccf8369f2d29e28917ac",
                "sha256:d8491d4784aceb1f100ddb8e31239c54e4afab8d607928a9f7ef2469ec35ae01",
                "sha256:dfc5080c38dde3f43d8fbb9c0539a7839683475226cf83e4b24363b227dfe552",
                "sha256:e24e22c8d98d3c704bb3410bce9b69e122a8de487ad3dbfe9985d154e5c03a40",
                "sha256:e7a01e53163818d56eabddcafdc2090e9daba178aad05516b20c6591c4811020",
                "sha256:ee677635393414930541a096fc8e61634304bb0153e4e02b75685b11eba14cae",
                "sha256:f0521af1b722265d824d6ad055acfe9bd3341765735c44b5a4d0069e189a0f40",
                "sha256:f25c281f12c0da726c6ed00535ca5d1622ec755c30a3f8eafef26cf43fede694"
            ],
            "markers": "python_version != '3.1.*' and python_version != '3.2.*' and python_version != '3.0.*' and python_version != '3.3.*' and python_version >= '2.7'",
            "version": "==1.1.0"
        },
        "six": {
            "hashes": [
                "sha256:70e8a77beed4562e7f14fe23a786b54f6296e34344c23bc42f07b15018ff98e9",
                "sha256:832dc0e10feb1aa2c68dcc57dbb658f1c7e65b9b61af69048abc87a2db00a0eb"
            ],
            "version": "==1.11.0"
        },
        "theano": {
            "hashes": [
                "sha256:637f3b34d40ef5e0d54dd4c40618475aaa085c26d2491e925c98e2ad4bc2115a"
            ],
            "index": "pypi",
            "version": "==1.0.3"
        }
    },
    "develop": {}
}
